
Microsoft Visual Studio Solution File, Format Version 12.00
# Visual Studio Version 17
VisualStudioVersion = 17.0.31903.59
MinimumVisualStudioVersion = 10.0.40219.1
Project("{2150E333-8FDC-42A3-9474-1A3956D46DE8}") = "src", "src", "{827E0CD3-B72D-47B6-A68D-7590B98EB39B}"
EndProject
Project("{FAE04EC0-301F-11D3-BF4B-00C04F79EFBC}") = "JBIG2Encoder", "src\JBIG2Encoder\JBIG2Encoder.csproj", "{95AEB6ED-FCA1-47D6-87EF-F5F534C3011F}"
EndProject
Project("{2150E333-8FDC-42A3-9474-1A3956D46DE8}") = "tests", "tests", "{0AB3BF05-4346-4AA6-1389-037BE0695223}"
EndProject
Project("{FAE04EC0-301F-11D3-BF4B-00C04F79EFBC}") = "JBIG2Encoder.Tests", "tests\JBIG2Encoder.Tests\JBIG2Encoder.Tests.csproj", "{4C933E11-CE4E-4B46-845C-1774B90DB846}"
EndProject
Project("{FAE04EC0-301F-11D3-BF4B-00C04F79EFBC}") = "JBIG2Encoder.ImageSharp", "src\JBIG2Encoder.ImageSharp\JBIG2Encoder.ImageSharp.csproj", "{F07364E6-79DC-42F9-BC21-C8E4F6D5DDD1}"
EndProject
Project("{FAE04EC0-301F-11D3-BF4B-00C04F79EFBC}") = "JBIG2Encoder.SkiaSharp", "src\JBIG2Encoder.SkiaSharp\JBIG2Encoder.SkiaSharp.csproj", "{C7279FC6-2538-4A54-B868-365F06212895}"
EndProject
Project("{FAE04EC0-301F-11D3-BF4B-00C04F79EFBC}") = "JBIG2Encoder.NetVips", "src\JBIG2Encoder.NetVips\JBIG2Encoder.NetVips.csproj", "{DAF79231-A06C-4AAC-BB64-8D1A071E37C3}"
EndProject
Project("{FAE04EC0-301F-11D3-BF4B-00C04F79EFBC}") = "JBIG2Encoder.Adapters.Tests", "tests\JBIG2Encoder.Adapters.Tests\JBIG2Encoder.Adapters.Tests.csproj", "{697B0675-F7EE-4910-A330-C091422C1B60}"
EndProject
Project("{2150E333-8FDC-42A3-9474-1A3956D46DE8}") = "samples", "samples", "{5D20AA90-6969-D8BD-9DCD-8634F4692FDA}"
EndProject
Project("{FAE04EC0-301F-11D3-BF4B-00C04F79EFBC}") = "Jbig2Cli", "samples\Jbig2Cli\Jbig2Cli.csproj", "{21E1A5E2-3AF8-4031-886F-EFE25EE8D8BD}"
EndProject
Project("{2150E333-8FDC-42A3-9474-1A3956D46DE8}") = "tools", "tools", "{07C2787E-EAC7-C090-1BA3-A61EC2A24D84}"
EndProject
Project("{FAE04EC0-301F-11D3-BF4B-00C04F79EFBC}") = "ReferenceComparison", "tools\ReferenceComparison\ReferenceComparison.csproj", "{830E6037-0E49-4B2F-8CA4-29C9151B9970}"
EndProject
Global
	GlobalSection(SolutionConfigurationPlatforms) = preSolution
		Debug|Any CPU = Debug|Any CPU
		Debug|x64 = Debug|x64
		Debug|x86 = Debug|x86
		Release|Any CPU = Release|Any CPU
		Release|x64 = Release|x64
		Release|x86 = Release|x86
	EndGlobalSection
	GlobalSection(ProjectConfigurationPlatforms) = postSolution
		{95AEB6ED-FCA1-47D6-87EF-F5F534C3011F}.Debug|Any CPU.ActiveCfg = Debug|Any CPU
		{95AEB6ED-FCA1-47D6-87EF-F5F534C3011F}.Debug|Any CPU.Build.0 = Debug|Any CPU
		{95AEB6ED-FCA1-47D6-87EF-F5F534C3011F}.Debug|x64.ActiveCfg = Debug|Any CPU
		{95AEB6ED-FCA1-47D6-87EF-F5F534C3011F}.Debug|x64.Build.0 = Debug|Any CPU
		{95AEB6ED-FCA1-47D6-87EF-F5F534C3011F}.Debug|x86.ActiveCfg = Debug|Any CPU
		{95AEB6ED-FCA1-47D6-87EF-F5F534C3011F}.Debug|x86.Build.0 = Debug|Any CPU
		{95AEB6ED-FCA1-47D6-87EF-F5F534C3011F}.Release|Any CPU.ActiveCfg = Release|Any CPU
		{95AEB6ED-FCA1-47D6-87EF-F5F534C3011F}.Release|Any CPU.Build.0 = Release|Any CPU
		{95AEB6ED-FCA1-47D6-87EF-F5F534C3011F}.Release|x64.ActiveCfg = Release|Any CPU
		{95AEB6ED-FCA1-47D6-87EF-F5F534C3011F}.Release|x64.Build.0 = Release|Any CPU
		{95AEB6ED-FCA1-47D6-87EF-F5F534C3011F}.Release|x86.ActiveCfg = Release|Any CPU
		{95AEB6ED-FCA1-47D6-87EF-F5F534C3011F}.Release|x86.Build.0 = Release|Any CPU
		{4C933E11-CE4E-4B46-845C-1774B90DB846}.Debug|Any CPU.ActiveCfg = Debug|Any CPU
		{4C933E11-CE4E-4B46-845C-1774B90DB846}.Debug|Any CPU.Build.0 = Debug|Any CPU
		{4C933E11-CE4E-4B46-845C-1774B90DB846}.Debug|x64.ActiveCfg = Debug|Any CPU
		{4C933E11-CE4E-4B46-845C-1774B90DB846}.Debug|x64.Build.0 = Debug|Any CPU
		{4C933E11-CE4E-4B46-845C-1774B90DB846}.Debug|x86.ActiveCfg = Debug|Any CPU
		{4C933E11-CE4E-4B46-845C-1774B90DB846}.Debug|x86.Build.0 = Debug|Any CPU
		{4C933E11-CE4E-4B46-845C-1774B90DB846}.Release|Any CPU.ActiveCfg = Release|Any CPU
		{4C933E11-CE4E-4B46-845C-1774B90DB846}.Release|Any CPU.Build.0 = Release|Any CPU
		{4C933E11-CE4E-4B46-845C-1774B90DB846}.Release|x64.ActiveCfg = Release|Any CPU
		{4C933E11-CE4E-4B46-845C-1774B90DB846}.Release|x64.Build.0 = Release|Any CPU
		{4C933E11-CE4E-4B46-845C-1774B90DB846}.Release|x86.ActiveCfg = Release|Any CPU
		{4C933E11-CE4E-4B46-845C-1774B90DB846}.Release|x86.Build.0 = Release|Any CPU
		{F07364E6-79DC-42F9-BC21-C8E4F6D5DDD1}.Debug|Any CPU.ActiveCfg = Debug|Any CPU
		{F07364E6-79DC-42F9-BC21-C8E4F6D5DDD1}.Debug|Any CPU.Build.0 = Debug|Any CPU
		{F07364E6-79DC-42F9-BC21-C8E4F6D5DDD1}.Debug|x64.ActiveCfg = Debug|Any CPU
		{F07364E6-79DC-42F9-BC21-C8E4F6D5DDD1}.Debug|x64.Build.0 = Debug|Any CPU
		{F07364E6-79DC-42F9-BC21-C8E4F6D5DDD1}.Debug|x86.ActiveCfg = Debug|Any CPU
		{F07364E6-79DC-42F9-BC21-C8E4F6D5DDD1}.Debug|x86.Build.0 = Debug|Any CPU
		{F07364E6-79DC-42F9-BC21-C8E4F6D5DDD1}.Release|Any CPU.ActiveCfg = Release|Any CPU
		{F07364E6-79DC-42F9-BC21-C8E4F6D5DDD1}.Release|Any CPU.Build.0 = Release|Any CPU
		{F07364E6-79DC-42F9-BC21-C8E4F6D5DDD1}.Release|x64.ActiveCfg = Release|Any CPU
		{F07364E6-79DC-42F9-BC21-C8E4F6D5DDD1}.Release|x64.Build.0 = Release|Any CPU
		{F07364E6-79DC-42F9-BC21-C8E4F6D5DDD1}.Release|x86.ActiveCfg = Release|Any CPU
		{F07364E6-79DC-42F9-BC21-C8E4F6D5DDD1}.Release|x86.Build.0 = Release|Any CPU
		{C7279FC6-2538-4A54-B868-365F06212895}.Debug|Any CPU.ActiveCfg = Debug|Any CPU
		{C7279FC6-2538-4A54-B868-365F06212895}.Debug|Any CPU.Build.0 = Debug|Any CPU
		{C7279FC6-2538-4A54-B868-365F06212895}.Debug|x64.ActiveCfg = Debug|Any CPU
		{C7279FC6-2538-4A54-B868-365F06212895}.Debug|x64.Build.0 = Debug|Any CPU
		{C7279FC6-2538-4A54-B868-365F06212895}.Debug|x86.ActiveCfg = Debug|Any CPU
		{C7279FC6-2538-4A54-B868-365F06212895}.Debug|x86.Build.0 = Debug|Any CPU
		{C7279FC6-2538-4A54-B868-365F06212895}.Release|Any CPU.ActiveCfg = Release|Any CPU
		{C7279FC6-2538-4A54-B868-365F06212895}.Release|Any CPU.Build.0 = Release|Any CPU
		{C7279FC6-2538-4A54-B868-365F06212895}.Release|x64.ActiveCfg = Release|Any CPU
		{C7279FC6-2538-4A54-B868-365F06212895}.Release|x64.Build.0 = Release|Any CPU
		{C7279FC6-2538-4A54-B868-365F06212895}.Release|x86.ActiveCfg = Release|Any CPU
		{C7279FC6-2538-4A54-B868-365F06212895}.Release|x86.Build.0 = Release|Any CPU
		{DAF79231-A06C-4AAC-BB64-8D1A071E37C3}.Debug|Any CPU.ActiveCfg = Debug|Any CPU
		{DAF79231-A06C-4AAC-BB64-8D1A071E37C3}.Debug|Any CPU.Build.0 = Debug|Any CPU
		{DAF79231-A06C-4AAC-BB64-8D1A071E37C3}.Debug|x64.ActiveCfg = Debug|Any CPU
		{DAF79231-A06C-4AAC-BB64-8D1A071E37C3}.Debug|x64.Build.0 = Debug|Any CPU
		{DAF79231-A06C-4AAC-BB64-8D1A071E37C3}.Debug|x86.ActiveCfg = Debug|Any CPU
		{DAF79231-A06C-4AAC-BB64-8D1A071E37C3}.Debug|x86.Build.0 = Debug|Any CPU
		{DAF79231-A06C-4AAC-BB64-8D1A071E37C3}.Release|Any CPU.ActiveCfg = Release|Any CPU
		{DAF79231-A06C-4AAC-BB64-8D1A071E37C3}.Release|Any CPU.Build.0 = Release|Any CPU
		{DAF79231-A06C-4AAC-BB64-8D1A071E37C3}.Release|x64.ActiveCfg = Release|Any CPU
		{DAF79231-A06C-4AAC-BB64-8D1A071E37C3}.Release|x64.Build.0 = Release|Any CPU
		{DAF79231-A06C-4AAC-BB64-8D1A071E37C3}.Release|x86.ActiveCfg = Release|Any CPU
		{DAF79231-A06C-4AAC-BB64-8D1A071E37C3}.Release|x86.Build.0 = Release|Any CPU
		{697B0675-F7EE-4910-A330-C091422C1B60}.Debug|Any CPU.ActiveCfg = Debug|Any CPU
		{697B0675-F7EE-4910-A330-C091422C1B60}.Debug|Any CPU.Build.0 = Debug|Any CPU
		{697B0675-F7EE-4910-A330-C091422C1B60}.Debug|x64.ActiveCfg = Debug|Any CPU
		{697B0675-F7EE-4910-A330-C091422C1B60}.Debug|x64.Build.0 = Debug|Any CPU
		{697B0675-F7EE-4910-A330-C091422C1B60}.Debug|x86.ActiveCfg = Debug|Any CPU
		{697B0675-F7EE-4910-A330-C091422C1B60}.Debug|x86.Build.0 = Debug|Any CPU
		{697B0675-F7EE-4910-A330-C091422C1B60}.Release|Any CPU.ActiveCfg = Release|Any CPU
		{697B0675-F7EE-4910-A330-C091422C1B60}.Release|Any CPU.Build.0 = Release|Any CPU
		{697B0675-F7EE-4910-A330-C091422C1B60}.Release|x64.ActiveCfg = Release|Any CPU
		{697B0675-F7EE-4910-A330-C091422C1B60}.Release|x64.Build.0 = Release|Any CPU
		{697B0675-F7EE-4910-A330-C091422C1B60}.Release|x86.ActiveCfg = Release|Any CPU
		{697B0675-F7EE-4910-A330-C091422C1B60}.Release|x86.Build.0 = Release|Any CPU
		{21E1A5E2-3AF8-4031-886F-EFE25EE8D8BD}.Debug|Any CPU.ActiveCfg = Debug|Any CPU
		{21E1A5E2-3AF8-4031-886F-EFE25EE8D8BD}.Debug|Any CPU.Build.0 = Debug|Any CPU
		{21E1A5E2-3AF8-4031-886F-EFE25EE8D8BD}.Debug|x64.ActiveCfg = Debug|Any CPU
		{21E1A5E2-3AF8-4031-886F-EFE25EE8D8BD}.Debug|x64.Build.0 = Debug|Any CPU
		{21E1A5E2-3AF8-4031-886F-EFE25EE8D8BD}.Debug|x86.ActiveCfg = Debug|Any CPU
		{21E1A5E2-3AF8-4031-886F-EFE25EE8D8BD}.Debug|x86.Build.0 = Debug|Any CPU
		{21E1A5E2-3AF8-4031-886F-EFE25EE8D8BD}.Release|Any CPU.ActiveCfg = Release|Any CPU
		{21E1A5E2-3AF8-4031-886F-EFE25EE8D8BD}.Release|Any CPU.Build.0 = Release|Any CPU
		{21E1A5E2-3AF8-4031-886F-EFE25EE8D8BD}.Release|x64.ActiveCfg = Release|Any CPU
		{21E1A5E2-3AF8-4031-886F-EFE25EE8D8BD}.Release|x64.Build.0 = Release|Any CPU
		{21E1A5E2-3AF8-4031-886F-EFE25EE8D8BD}.Release|x86.ActiveCfg = Release|Any CPU
		{21E1A5E2-3AF8-4031-886F-EFE25EE8D8BD}.Release|x86.Build.0 = Release|Any CPU
		{830E6037-0E49-4B2F-8CA4-29C9151B9970}.Debug|Any CPU.ActiveCfg = Debug|Any CPU
		{830E6037-0E49-4B2F-8CA4-29C9151B9970}.Debug|Any CPU.Build.0 = Debug|Any CPU
		{830E6037-0E49-4B2F-8CA4-29C9151B9970}.Debug|x64.ActiveCfg = Debug|Any CPU
		{830E6037-0E49-4B2F-8CA4-29C9151B9970}.Debug|x64.Build.0 = Debug|Any CPU
		{830E6037-0E49-4B2F-8CA4-29C9151B9970}.Debug|x86.ActiveCfg = Debug|Any CPU
		{830E6037-0E49-4B2F-8CA4-29C9151B9970}.Debug|x86.Build.0 = Debug|Any CPU
		{830E6037-0E49-4B2F-8CA4-29C9151B9970}.Release|Any CPU.ActiveCfg = Release|Any CPU
		{830E6037-0E49-4B2F-8CA4-29C9151B9970}.Release|Any CPU.Build.0 = Release|Any CPU
		{830E6037-0E49-4B2F-8CA4-29C9151B9970}.Release|x64.ActiveCfg = Release|Any CPU
		{830E6037-0E49-4B2F-8CA4-29C9151B9970}.Release|x64.Build.0 = Release|Any CPU
		{830E6037-0E49-4B2F-8CA4-29C9151B9970}.Release|x86.ActiveCfg = Release|Any CPU
		{830E6037-0E49-4B2F-8CA4-29C9151B9970}.Release|x86.Build.0 = Release|Any CPU
	EndGlobalSection
	GlobalSection(SolutionProperties) = preSolution
		HideSolutionNode = FALSE
	EndGlobalSection
	GlobalSection(NestedProjects) = preSolution
		{95AEB6ED-FCA1-47D6-87EF-F5F534C3011F} = {827E0CD3-B72D-47B6-A68D-7590B98EB39B}
		{4C933E11-CE4E-4B46-845C-1774B90DB846} = {0AB3BF05-4346-4AA6-1389-037BE0695223}
		{F07364E6-79DC-42F9-BC21-C8E4F6D5DDD1} = {827E0CD3-B72D-47B6-A68D-7590B98EB39B}
		{C7279FC6-2538-4A54-B868-365F06212895} = {827E0CD3-B72D-47B6-A68D-7590B98EB39B}
		{DAF79231-A06C-4AAC-BB64-8D1A071E37C3} = {827E0CD3-B72D-47B6-A68D-7590B98EB39B}
		{697B0675-F7EE-4910-A330-C091422C1B60} = {0AB3BF05-4346-4AA6-1389-037BE0695223}
		{21E1A5E2-3AF8-4031-886F-EFE25EE8D8BD} = {5D20AA90-6969-D8BD-9DCD-8634F4692FDA}
		{830E6037-0E49-4B2F-8CA4-29C9151B9970} = {07C2787E-EAC7-C090-1BA3-A61EC2A24D84}
	EndGlobalSection
EndGlobal
